// !$*UTF8*$!
{
	archiveVersion = 1;
	classes = {
	};
	objectVersion = 55;
	objects = {

/* Begin PBXBuildFile section */
		5C4EC5D628AEA20C001687C5 /* FirebaseDatabase in Frameworks */ = {isa = PBXBuildFile; productRef = 5C4EC5D528AEA20C001687C5 /* FirebaseDatabase */; };
		5C4EC5D828AEA20C001687C5 /* FirebaseFirestore in Frameworks */ = {isa = PBXBuildFile; productRef = 5C4EC5D728AEA20C001687C5 /* FirebaseFirestore */; };
		5C4EC5DA28AEA20C001687C5 /* FirebaseStorage in Frameworks */ = {isa = PBXBuildFile; productRef = 5C4EC5D928AEA20C001687C5 /* FirebaseStorage */; };
		5CA3667828AC06BC00AEAA24 /* AppDelegate.swift in Sources */ = {isa = PBXBuildFile; fileRef = 5CA3667728AC06BC00AEAA24 /* AppDelegate.swift */; };
		5CA3667A28AC06BC00AEAA24 /* SceneDelegate.swift in Sources */ = {isa = PBXBuildFile; fileRef = 5CA3667928AC06BC00AEAA24 /* SceneDelegate.swift */; };
		5CA3667C28AC06BC00AEAA24 /* ViewController.swift in Sources */ = {isa = PBXBuildFile; fileRef = 5CA3667B28AC06BC00AEAA24 /* ViewController.swift */; };
		5CA3667F28AC06BC00AEAA24 /* Main.storyboard in Resources */ = {isa = PBXBuildFile; fileRef = 5CA3667D28AC06BC00AEAA24 /* Main.storyboard */; };
		5CA3668128AC06BD00AEAA24 /* Assets.xcassets in Resources */ = {isa = PBXBuildFile; fileRef = 5CA3668028AC06BD00AEAA24 /* Assets.xcassets */; };
		5CA3668428AC06BD00AEAA24 /* LaunchScreen.storyboard in Resources */ = {isa = PBXBuildFile; fileRef = 5CA3668228AC06BD00AEAA24 /* LaunchScreen.storyboard */; };
		5CA3668C28AC073E00AEAA24 /* GoogleService-Info.plist in Resources */ = {isa = PBXBuildFile; fileRef = 5CA3668B28AC073E00AEAA24 /* GoogleService-Info.plist */; };
		5CA3668F28AC097900AEAA24 /* FirebaseAnalytics in Frameworks */ = {isa = PBXBuildFile; productRef = 5CA3668E28AC097900AEAA24 /* FirebaseAnalytics */; };
		5CA3669128AC097900AEAA24 /* FirebaseAuth in Frameworks */ = {isa = PBXBuildFile; productRef = 5CA3669028AC097900AEAA24 /* FirebaseAuth */; };
		5CA3669328AC0CE200AEAA24 /* settingsViewController.swift in Sources */ = {isa = PBXBuildFile; fileRef = 5CA3669228AC0CE200AEAA24 /* settingsViewController.swift */; };
		5CA3669528AC0CF800AEAA24 /* homeViewController.swift in Sources */ = {isa = PBXBuildFile; fileRef = 5CA3669428AC0CF800AEAA24 /* homeViewController.swift */; };
		5CECC87028AD58DA00BC0733 /* uploadViewController.swift in Sources */ = {isa = PBXBuildFile; fileRef = 5CECC86F28AD58DA00BC0733 /* uploadViewController.swift */; };
		5CECC87228AD5A8B00BC0733 /* select.png in Resources */ = {isa = PBXBuildFile; fileRef = 5CECC87128AD5A8B00BC0733 /* select.png */; };
/* End PBXBuildFile section */

/* Begin PBXFileReference section */
		5CA3667428AC06BC00AEAA24 /* instaCloneFirebase.app */ = {isa = PBXFileReference; explicitFileType = wrapper.application; includeInIndex = 0; path = instaCloneFirebase.app; sourceTree = BUILT_PRODUCTS_DIR; };
		5CA3667728AC06BC00AEAA24 /* AppDelegate.swift */ = {isa = PBXFileReference; lastKnownFileType = sourcecode.swift; path = AppDelegate.swift; sourceTree = "<group>"; };
		5CA3667928AC06BC00AEAA24 /* SceneDelegate.swift */ = {isa = PBXFileReference; lastKnownFileType = sourcecode.swift; path = SceneDelegate.swift; sourceTree = "<group>"; };
		5CA3667B28AC06BC00AEAA24 /* ViewController.swift */ = {isa = PBXFileReference; lastKnownFileType = sourcecode.swift; path = ViewController.swift; sourceTree = "<group>"; };
		5CA3667E28AC06BC00AEAA24 /* Base */ = {isa = PBXFileReference; lastKnownFileType = file.storyboard; name = Base; path = Base.lproj/Main.storyboard; sourceTree = "<group>"; };
		5CA3668028AC06BD00AEAA24 /* Assets.xcassets */ = {isa = PBXFileReference; lastKnownFileType = folder.assetcatalog; path = Assets.xcassets; sourceTree = "<group>"; };
		5CA3668328AC06BD00AEAA24 /* Base */ = {isa = PBXFileReference; lastKnownFileType = file.storyboard; name = Base; path = Base.lproj/LaunchScreen.storyboard; sourceTree = "<group>"; };
		5CA3668528AC06BD00AEAA24 /* Info.plist */ = {isa = PBXFileReference; lastKnownFileType = text.plist.xml; path = Info.plist; sourceTree = "<group>"; };
		5CA3668B28AC073E00AEAA24 /* GoogleService-Info.plist */ = {isa = PBXFileReference; fileEncoding = 4; lastKnownFileType = text.plist.xml; path = "GoogleService-Info.plist"; sourceTree = "<group>"; };
		5CA3669228AC0CE200AEAA24 /* settingsViewController.swift */ = {isa = PBXFileReference; lastKnownFileType = sourcecode.swift; path = settingsViewController.swift; sourceTree = "<group>"; };
		5CA3669428AC0CF800AEAA24 /* homeViewController.swift */ = {isa = PBXFileReference; lastKnownFileType = sourcecode.swift; path = homeViewController.swift; sourceTree = "<group>"; };
		5CECC86F28AD58DA00BC0733 /* uploadViewController.swift */ = {isa = PBXFileReference; lastKnownFileType = sourcecode.swift; path = uploadViewController.swift; sourceTree = "<group>"; };
		5CECC87128AD5A8B00BC0733 /* select.png */ = {isa = PBXFileReference; lastKnownFileType = image.png; path = select.png; sourceTree = "<group>"; };
/* End PBXFileReference section */

/* Begin PBXFrameworksBuildPhase section */
		5CA3667128AC06BC00AEAA24 /* Frameworks */ = {
			isa = PBXFrameworksBuildPhase;
			buildActionMask = 2147483647;
			files = (
				5C4EC5D628AEA20C001687C5 /* FirebaseDatabase in Frameworks */,
				5C4EC5D828AEA20C001687C5 /* FirebaseFirestore in Frameworks */,
				5CA3668F28AC097900AEAA24 /* FirebaseAnalytics in Frameworks */,
				5C4EC5DA28AEA20C001687C5 /* FirebaseStorage in Frameworks */,
				5CA3669128AC097900AEAA24 /* FirebaseAuth in Frameworks */,
			);
			runOnlyForDeploymentPostprocessing = 0;
		};
/* End PBXFrameworksBuildPhase section */

/* Begin PBXGroup section */
		5CA3666B28AC06BC00AEAA24 = {
			isa = PBXGroup;
			children = (
				5CA3667628AC06BC00AEAA24 /* instaCloneFirebase */,
				5CA3667528AC06BC00AEAA24 /* Products */,
			);
			sourceTree = "<group>";
		};
		5CA3667528AC06BC00AEAA24 /* Products */ = {
			isa = PBXGroup;
			children = (
				5CA3667428AC06BC00AEAA24 /* instaCloneFirebase.app */,
			);
			name = Products;
			sourceTree = "<group>";
		};
		5CA3667628AC06BC00AEAA24 /* instaCloneFirebase */ = {
			isa = PBXGroup;
			children = (
				5CA3667728AC06BC00AEAA24 /* AppDelegate.swift */,
				5CA3667928AC06BC00AEAA24 /* SceneDelegate.swift */,
				5CA3667B28AC06BC00AEAA24 /* ViewController.swift */,
				5CA3669228AC0CE200AEAA24 /* settingsViewController.swift */,
				5CA3669428AC0CF800AEAA24 /* homeViewController.swift */,
				5CECC86F28AD58DA00BC0733 /* uploadViewController.swift */,
				5CA3667D28AC06BC00AEAA24 /* Main.storyboard */,
				5CA3668028AC06BD00AEAA24 /* Assets.xcassets */,
				5CA3668228AC06BD00AEAA24 /* LaunchScreen.storyboard */,
				5CA3668528AC06BD00AEAA24 /* Info.plist */,
				5CA3668B28AC073E00AEAA24 /* GoogleService-Info.plist */,
				5CECC87128AD5A8B00BC0733 /* select.png */,
			);
			path = instaCloneFirebase;
			sourceTree = "<group>";
		};
/* End PBXGroup section */

/* Begin PBXNativeTarget section */
		5CA3667328AC06BC00AEAA24 /* instaCloneFirebase */ = {
			isa = PBXNativeTarget;
			buildConfigurationList = 5CA3668828AC06BD00AEAA24 /* Build configuration list for PBXNativeTarget "instaCloneFirebase" */;
			buildPhases = (
				5CA3667028AC06BC00AEAA24 /* Sources */,
				5CA3667128AC06BC00AEAA24 /* Frameworks */,
				5CA3667228AC06BC00AEAA24 /* Resources */,
			);
			buildRules = (
			);
			dependencies = (
			);
			name = instaCloneFirebase;
			packageProductDependencies = (
				5CA3668E28AC097900AEAA24 /* FirebaseAnalytics */,
				5CA3669028AC097900AEAA24 /* FirebaseAuth */,
				5C4EC5D528AEA20C001687C5 /* FirebaseDatabase */,
				5C4EC5D728AEA20C001687C5 /* FirebaseFirestore */,
				5C4EC5D928AEA20C001687C5 /* FirebaseStorage */,
			);
			productName = instaCloneFirebase;
			productReference = 5CA3667428AC06BC00AEAA24 /* instaCloneFirebase.app */;
			productType = "com.apple.product-type.application";
		};
/* End PBXNativeTarget section */

/* Begin PBXProject section */
		5CA3666C28AC06BC00AEAA24 /* Project object */ = {
			isa = PBXProject;
			attributes = {
				BuildIndependentTargetsInParallel = 1;
				LastSwiftUpdateCheck = 1340;
				LastUpgradeCheck = 1340;
				TargetAttributes = {
					5CA3667328AC06BC00AEAA24 = {
						CreatedOnToolsVersion = 13.4.1;
					};
				};
			};
			buildConfigurationList = 5CA3666F28AC06BC00AEAA24 /* Build configuration list for PBXProject "instaCloneFirebase" */;
			compatibilityVersion = "Xcode 13.0";
			developmentRegion = en;
			hasScannedForEncodings = 0;
			knownRegions = (
				en,
				Base,
			);
			mainGroup = 5CA3666B28AC06BC00AEAA24;
			packageReferences = (
				5CA3668D28AC097900AEAA24 /* XCRemoteSwiftPackageReference "firebase-ios-sdk" */,
				5C4EC5D428AEA20C001687C5 /* XCRemoteSwiftPackageReference "firebase-ios-sdk" */,
			);
			productRefGroup = 5CA3667528AC06BC00AEAA24 /* Products */;
			projectDirPath = "";
			projectRoot = "";
			targets = (
				5CA3667328AC06BC00AEAA24 /* instaCloneFirebase */,
			);
		};
/* End PBXProject section */

/* Begin PBXResourcesBuildPhase section */
		5CA3667228AC06BC00AEAA24 /* Resources */ = {
			isa = PBXResourcesBuildPhase;
			buildActionMask = 2147483647;
			files = (
				5CA3668428AC06BD00AEAA24 /* LaunchScreen.storyboard in Resources */,
				5CA3668C28AC073E00AEAA24 /* GoogleService-Info.plist in Resources */,
				5CA3668128AC06BD00AEAA24 /* Assets.xcassets in Resources */,
				5CA3667F28AC06BC00AEAA24 /* Main.storyboard in Resources */,
				5CECC87228AD5A8B00BC0733 /* select.png in Resources */,
			);
			runOnlyForDeploymentPostprocessing = 0;
		};
/* End PBXResourcesBuildPhase section */

/* Begin PBXSourcesBuildPhase section */
		5CA3667028AC06BC00AEAA24 /* Sources */ = {
			isa = PBXSourcesBuildPhase;
			buildActionMask = 2147483647;
			files = (
				5CA3667C28AC06BC00AEAA24 /* ViewController.swift in Sources */,
				5CA3667828AC06BC00AEAA24 /* AppDelegate.swift in Sources */,
				5CA3667A28AC06BC00AEAA24 /* SceneDelegate.swift in Sources */,
				5CECC87028AD58DA00BC0733 /* uploadViewController.swift in Sources */,
				5CA3669528AC0CF800AEAA24 /* homeViewController.swift in Sources */,
				5CA3669328AC0CE200AEAA24 /* settingsViewController.swift in Sources */,
			);
			runOnlyForDeploymentPostprocessing = 0;
		};
/* End PBXSourcesBuildPhase section */

/* Begin PBXVariantGroup section */
		5CA3667D28AC06BC00AEAA24 /* Main.storyboard */ = {
			isa = PBXVariantGroup;
			children = (
				5CA3667E28AC06BC00AEAA24 /* Base */,
			);
			name = Main.storyboard;
			sourceTree = "<group>";
		};
		5CA3668228AC06BD00AEAA24 /* LaunchScreen.storyboard */ = {
			isa = PBXVariantGroup;
			children = (
				5CA3668328AC06BD00AEAA24 /* Base */,
			);
			name = LaunchScreen.storyboard;
			sourceTree = "<group>";
		};
/* End PBXVariantGroup section */

/* Begin XCBuildConfiguration section */
		5CA3668628AC06BD00AEAA24 /* Debug */ = {
			isa = XCBuildConfiguration;
			buildSettings = {
				ALWAYS_SEARCH_USER_PATHS = NO;
				CLANG_ANALYZER_NONNULL = YES;
				CLANG_ANALYZER_NUMBER_OBJECT_CONVERSION = YES_AGGRESSIVE;
				CLANG_CXX_LANGUAGE_STANDARD = "gnu++17";
				CLANG_ENABLE_MODULES = YES;
				CLANG_ENABLE_OBJC_ARC = YES;
				CLANG_ENABLE_OBJC_WEAK = YES;
				CLANG_WARN_BLOCK_CAPTURE_AUTORELEASING = YES;
				CLANG_WARN_BOOL_CONVERSION = YES;
				CLANG_WARN_COMMA = YES;
				CLANG_WARN_CONSTANT_CONVERSION = YES;
				CLANG_WARN_DEPRECATED_OBJC_IMPLEMENTATIONS = YES;
				CLANG_WARN_DIRECT_OBJC_ISA_USAGE = YES_ERROR;
				CLANG_WARN_DOCUMENTATION_COMMENTS = YES;
				CLANG_WARN_EMPTY_BODY = YES;
				CLANG_WARN_ENUM_CONVERSION = YES;
				CLANG_WARN_INFINITE_RECURSION = YES;
				CLANG_WARN_INT_CONVERSION = YES;
				CLANG_WARN_NON_LITERAL_NULL_CONVERSION = YES;
				CLANG_WARN_OBJC_IMPLICIT_RETAIN_SELF = YES;
				CLANG_WARN_OBJC_LITERAL_CONVERSION = YES;
				CLANG_WARN_OBJC_ROOT_CLASS = YES_ERROR;
				CLANG_WARN_QUOTED_INCLUDE_IN_FRAMEWORK_HEADER = YES;
				CLANG_WARN_RANGE_LOOP_ANALYSIS = YES;
				CLANG_WARN_STRICT_PROTOTYPES = YES;
				CLANG_WARN_SUSPICIOUS_MOVE = YES;
				CLANG_WARN_UNGUARDED_AVAILABILITY = YES_AGGRESSIVE;
				CLANG_WARN_UNREACHABLE_CODE = YES;
				CLANG_WARN__DUPLICATE_METHOD_MATCH = YES;
				COPY_PHASE_STRIP = NO;
				DEBUG_INFORMATION_FORMAT = dwarf;
				ENABLE_STRICT_OBJC_MSGSEND = YES;
				ENABLE_TESTABILITY = YES;
				GCC_C_LANGUAGE_STANDARD = gnu11;
				GCC_DYNAMIC_NO_PIC = NO;
				GCC_NO_COMMON_BLOCKS = YES;
				GCC_OPTIMIZATION_LEVEL = 0;
				GCC_PREPROCESSOR_DEFINITIONS = (
					"DEBUG=1",
					"$(inherited)",
				);
				GCC_WARN_64_TO_32_BIT_CONVERSION = YES;
				GCC_WARN_ABOUT_RETURN_TYPE = YES_ERROR;
				GCC_WARN_UNDECLARED_SELECTOR = YES;
				GCC_WARN_UNINITIALIZED_AUTOS = YES_AGGRESSIVE;
				GCC_WARN_UNUSED_FUNCTION = YES;
				GCC_WARN_UNUSED_VARIABLE = YES;
				IPHONEOS_DEPLOYMENT_TARGET = 15.5;
				MTL_ENABLE_DEBUG_INFO = INCLUDE_SOURCE;
				MTL_FAST_MATH = YES;
				ONLY_ACTIVE_ARCH = YES;
				SDKROOT = iphoneos;
				SWIFT_ACTIVE_COMPILATION_CONDITIONS = DEBUG;
				SWIFT_OPTIMIZATION_LEVEL = "-Onone";
			};
			name = Debug;
		};
		5CA3668728AC06BD00AEAA24 /* Release */ = {
			isa = XCBuildConfiguration;
			buildSettings = {
				ALWAYS_SEARCH_USER_PATHS = NO;
				CLANG_ANALYZER_NONNULL = YES;
				CLANG_ANALYZER_NUMBER_OBJECT_CONVERSION = YES_AGGRESSIVE;
				CLANG_CXX_LANGUAGE_STANDARD = "gnu++17";
				CLANG_ENABLE_MODULES = YES;
				CLANG_ENABLE_OBJC_ARC = YES;
				CLANG_ENABLE_OBJC_WEAK = YES;
				CLANG_WARN_BLOCK_CAPTURE_AUTORELEASING = YES;
				CLANG_WARN_BOOL_CONVERSION = YES;
				CLANG_WARN_COMMA = YES;
				CLANG_WARN_CONSTANT_CONVERSION = YES;
				CLANG_WARN_DEPRECATED_OBJC_IMPLEMENTATIONS = YES;
				CLANG_WARN_DIRECT_OBJC_ISA_USAGE = YES_ERROR;
				CLANG_WARN_DOCUMENTATION_COMMENTS = YES;
				CLANG_WARN_EMPTY_BODY = YES;
				CLANG_WARN_ENUM_CONVERSION = YES;
				CLANG_WARN_INFINITE_RECURSION = YES;
				CLANG_WARN_INT_CONVERSION = YES;
				CLANG_WARN_NON_LITERAL_NULL_CONVERSION = YES;
				CLANG_WARN_OBJC_IMPLICIT_RETAIN_SELF = YES;
				CLANG_WARN_OBJC_LITERAL_CONVERSION = YES;
				CLANG_WARN_OBJC_ROOT_CLASS = YES_ERROR;
				CLANG_WARN_QUOTED_INCLUDE_IN_FRAMEWORK_HEADER = YES;
				CLANG_WARN_RANGE_LOOP_ANALYSIS = YES;
				CLANG_WARN_STRICT_PROTOTYPES = YES;
				CLANG_WARN_SUSPICIOUS_MOVE = YES;
				CLANG_WARN_UNGUARDED_AVAILABILITY = YES_AGGRESSIVE;
				CLANG_WARN_UNREACHABLE_CODE = YES;
				CLANG_WARN__DUPLICATE_METHOD_MATCH = YES;
				COPY_PHASE_STRIP = NO;
				DEBUG_INFORMATION_FORMAT = "dwarf-with-dsym";
				ENABLE_NS_ASSERTIONS = NO;
				ENABLE_STRICT_OBJC_MSGSEND = YES;
				GCC_C_LANGUAGE_STANDARD = gnu11;
				GCC_NO_COMMON_BLOCKS = YES;
				GCC_WARN_64_TO_32_BIT_CONVERSION = YES;
				GCC_WARN_ABOUT_RETURN_TYPE = YES_ERROR;
				GCC_WARN_UNDECLARED_SELECTOR = YES;
				GCC_WARN_UNINITIALIZED_AUTOS = YES_AGGRESSIVE;
				GCC_WARN_UNUSED_FUNCTION = YES;
				GCC_WARN_UNUSED_VARIABLE = YES;
				IPHONEOS_DEPLOYMENT_TARGET = 15.5;
				MTL_ENABLE_DEBUG_INFO = NO;
				MTL_FAST_MATH = YES;
				SDKROOT = iphoneos;
				SWIFT_COMPILATION_MODE = wholemodule;
				SWIFT_OPTIMIZATION_LEVEL = "-O";
				VALIDATE_PRODUCT = YES;
			};
			name = Release;
		};
		5CA3668928AC06BD00AEAA24 /* Debug */ = {
			isa = XCBuildConfiguration;
			buildSettings = {
				ASSETCATALOG_COMPILER_APPICON_NAME = AppIcon;
				ASSETCATALOG_COMPILER_GLOBAL_ACCENT_COLOR_NAME = AccentColor;
				CODE_SIGN_STYLE = Automatic;
				CURRENT_PROJECT_VERSION = 1;
				DEVELOPMENT_TEAM = 6N4HMYH8YX;
				GENERATE_INFOPLIST_FILE = YES;
				INFOPLIST_FILE = instaCloneFirebase/Info.plist;
				INFOPLIST_KEY_UIApplicationSupportsIndirectInputEvents = YES;
				INFOPLIST_KEY_UILaunchStoryboardName = LaunchScreen;
				INFOPLIST_KEY_UIMainStoryboardFile = Main;
				INFOPLIST_KEY_UISupportedInterfaceOrientations_iPad = "UIInterfaceOrientationPortrait UIInterfaceOrientationPortraitUpsideDown UIInterfaceOrientationLandscapeLeft UIInterfaceOrientationLandscapeRight";
				INFOPLIST_KEY_UISupportedInterfaceOrientations_iPhone = "UIInterfaceOrientationPortrait UIInterfaceOrientationLandscapeLeft UIInterfaceOrientationLandscapeRight";
				LD_RUNPATH_SEARCH_PATHS = (
					"$(inherited)",
					"@executable_path/Frameworks",
				);
				MARKETING_VERSION = 1.0;
				PRODUCT_BUNDLE_IDENTIFIER = com.turancabuk.instaCloneFirebase;
				PRODUCT_NAME = "$(TARGET_NAME)";
				SWIFT_EMIT_LOC_STRINGS = YES;
				SWIFT_VERSION = 5.0;
				TARGETED_DEVICE_FAMILY = "1,2";
			};
			name = Debug;
		};
		5CA3668A28AC06BD00AEAA24 /* Release */ = {
			isa = XCBuildConfiguration;
			buildSettings = {
				ASSETCATALOG_COMPILER_APPICON_NAME = AppIcon;
				ASSETCATALOG_COMPILER_GLOBAL_ACCENT_COLOR_NAME = AccentColor;
				CODE_SIGN_STYLE = Automatic;
				CURRENT_PROJECT_VERSION = 1;
				DEVELOPMENT_TEAM = 6N4HMYH8YX;
				GENERATE_INFOPLIST_FILE = YES;
				INFOPLIST_FILE = instaCloneFirebase/Info.plist;
				INFOPLIST_KEY_UIApplicationSupportsIndirectInputEvents = YES;
				INFOPLIST_KEY_UILaunchStoryboardName = LaunchScreen;
				INFOPLIST_KEY_UIMainStoryboardFile = Main;
				INFOPLIST_KEY_UISupportedInterfaceOrientations_iPad = "UIInterfaceOrientationPortrait UIInterfaceOrientationPortraitUpsideDown UIInterfaceOrientationLandscapeLeft UIInterfaceOrientationLandscapeRight";
				INFOPLIST_KEY_UISupportedInterfaceOrientations_iPhone = "UIInterfaceOrientationPortrait UIInterfaceOrientationLandscapeLeft UIInterfaceOrientationLandscapeRight";
				LD_RUNPATH_SEARCH_PATHS = (
					"$(inherited)",
					"@executable_path/Frameworks",
				);
				MARKETING_VERSION = 1.0;
				PRODUCT_BUNDLE_IDENTIFIER = com.turancabuk.instaCloneFirebase;
				PRODUCT_NAME = "$(TARGET_NAME)";
				SWIFT_EMIT_LOC_STRINGS = YES;
				SWIFT_VERSION = 5.0;
				TARGETED_DEVICE_FAMILY = "1,2";
			};
			name = Release;
		};
/* End XCBuildConfiguration section */

/* Begin XCConfigurationList section */
		5CA3666F28AC06BC00AEAA24 /* Build configuration list for PBXProject "instaCloneFirebase" */ = {
			isa = XCConfigurationList;
			buildConfigurations = (
				5CA3668628AC06BD00AEAA24 /* Debug */,
				5CA3668728AC06BD00AEAA24 /* Release */,
			);
			defaultConfigurationIsVisible = 0;
			defaultConfigurationName = Release;
		};
		5CA3668828AC06BD00AEAA24 /* Build configuration list for PBXNativeTarget "instaCloneFirebase" */ = {
			isa = XCConfigurationList;
			buildConfigurations = (
				5CA3668928AC06BD00AEAA24 /* Debug */,
				5CA3668A28AC06BD00AEAA24 /* Release */,
			);
			defaultConfigurationIsVisible = 0;
			defaultConfigurationName = Release;
		};
/* End XCConfigurationList section */

/* Begin XCRemoteSwiftPackageReference section */
		5C4EC5D428AEA20C001687C5 /* XCRemoteSwiftPackageReference "firebase-ios-sdk" */ = {
			isa = XCRemoteSwiftPackageReference;
			repositoryURL = "https://github.com/firebase/firebase-ios-sdk.git";
			requirement = {
				kind = upToNextMajorVersion;
				minimumVersion = 9.0.0;
			};
		};
		5CA3668D28AC097900AEAA24 /* XCRemoteSwiftPackageReference "firebase-ios-sdk" */ = {
			isa = XCRemoteSwiftPackageReference;
			repositoryURL = "https://github.com/firebase/firebase-ios-sdk.git";
			requirement = {
				kind = upToNextMajorVersion;
				minimumVersion = 9.0.0;
			};
		};
/* End XCRemoteSwiftPackageReference section */

/* Begin XCSwiftPackageProductDependency section */
		5C4EC5D528AEA20C001687C5 /* FirebaseDatabase */ = {
			isa = XCSwiftPackageProductDependency;
			package = 5CA3668D28AC097900AEAA24 /* XCRemoteSwiftPackageReference "firebase-ios-sdk" */;
			productName = FirebaseDatabase;
		};
		5C4EC5D728AEA20C001687C5 /* FirebaseFirestore */ = {
			isa = XCSwiftPackageProductDependency;
			package = 5CA3668D28AC097900AEAA24 /* XCRemoteSwiftPackageReference "firebase-ios-sdk" */;
			productName = FirebaseFirestore;
		};
		5C4EC5D928AEA20C001687C5 /* FirebaseStorage */ = {
			isa = XCSwiftPackageProductDependency;
			package = 5CA3668D28AC097900AEAA24 /* XCRemoteSwiftPackageReference "firebase-ios-sdk" */;
			productName = FirebaseStorage;
		};
		5CA3668E28AC097900AEAA24 /* FirebaseAnalytics */ = {
			isa = XCSwiftPackageProductDependency;
			package = 5CA3668D28AC097900AEAA24 /* XCRemoteSwiftPackageReference "firebase-ios-sdk" */;
			productName = FirebaseAnalytics;
		};
		5CA3669028AC097900AEAA24 /* FirebaseAuth */ = {
			isa = XCSwiftPackageProductDependency;
			package = 5CA3668D28AC097900AEAA24 /* XCRemoteSwiftPackageReference "firebase-ios-sdk" */;
			productName = FirebaseAuth;
		};
/* End XCSwiftPackageProductDependency section */
	};
	rootObject = 5CA3666C28AC06BC00AEAA24 /* Project object */;
}
